
Microsoft Visual Studio Solution File, Format Version 12.00
# Visual Studio Version 17
VisualStudioVersion = 17.0.32112.339
MinimumVisualStudioVersion = 10.0.40219.1
Project("{FAE04EC0-301F-11D3-BF4B-00C04F79EFBC}") = "UserRegistration", "UserRegistration.csproj", "{2ED183FD-2956-4C87-99A4-BD99578D6BAB}"
EndProject
Global
	GlobalSection(SolutionConfigurationPlatforms) = preSolution
		Debug|Any CPU = Debug|Any CPU
		Release|Any CPU = Release|Any CPU
	EndGlobalSection
	GlobalSection(ProjectConfigurationPlatforms) = postSolution
		{2ED183FD-2956-4C87-99A4-BD99578D6BAB}.Debug|Any CPU.ActiveCfg = Debug|Any CPU
		{2ED183FD-2956-4C87-99A4-BD99578D6BAB}.Debug|Any CPU.Build.0 = Debug|Any CPU
		{2ED183FD-2956-4C87-99A4-BD99578D6BAB}.Release|Any CPU.ActiveCfg = Release|Any CPU
		{2ED183FD-2956-4C87-99A4-BD99578D6BAB}.Release|Any CPU.Build.0 = Release|Any CPU
	EndGlobalSection
	GlobalSection(SolutionProperties) = preSolution
		HideSolutionNode = FALSE
	EndGlobalSection
	GlobalSection(ExtensibilityGlobals) = postSolution
		SolutionGuid = {CBB5AA1E-9C9F-4E55-96BE-F6BE2AA6A2A3}
	EndGlobalSection
EndGlobal
